
Microsoft Visual Studio Solution File, Format Version 12.00
# Visual Studio Version 17
VisualStudioVersion = 17.0.31903.59
MinimumVisualStudioVersion = 10.0.40219.1
Project("{2150E333-8FDC-42A3-9474-1A3956D46DE8}") = "src", "src", "{827E0CD3-B72D-47B6-A68D-7590B98EB39B}"
EndProject
Project("{FAE04EC0-301F-11D3-BF4B-00C04F79EFBC}") = "InvestTax.Core", "src\InvestTax.Core\InvestTax.Core.csproj", "{33FD078B-AF11-454B-BEC8-14ADFE57816C}"
EndProject
Project("{FAE04EC0-301F-11D3-BF4B-00C04F79EFBC}") = "InvestTax.Infrastructure", "src\InvestTax.Infrastructure\InvestTax.Infrastructure.csproj", "{A58A6206-8C8A-4504-8A10-0FB4627D6C3E}"
EndProject
Project("{FAE04EC0-301F-11D3-BF4B-00C04F79EFBC}") = "InvestTax.Lambda.Validator", "src\InvestTax.Lambda.Validator\InvestTax.Lambda.Validator.csproj", "{62EF1EF1-3835-4564-956A-93374F8DA987}"
EndProject
Project("{FAE04EC0-301F-11D3-BF4B-00C04F79EFBC}") = "InvestTax.Lambda.Normalizer", "src\InvestTax.Lambda.Normalizer\InvestTax.Lambda.Normalizer.csproj", "{F854056D-FC8F-4C52-9FCF-37804E55D56A}"
EndProject
Project("{FAE04EC0-301F-11D3-BF4B-00C04F79EFBC}") = "InvestTax.Lambda.NBPClient", "src\InvestTax.Lambda.NBPClient\InvestTax.Lambda.NBPClient.csproj", "{F5353286-12E5-4A79-8C24-D7791665498B}"
EndProject
Project("{FAE04EC0-301F-11D3-BF4B-00C04F79EFBC}") = "InvestTax.Lambda.Calculator", "src\InvestTax.Lambda.Calculator\InvestTax.Lambda.Calculator.csproj", "{D19F00A3-98BC-49AE-A632-3EFA2488A5EC}"
EndProject
Project("{FAE04EC0-301F-11D3-BF4B-00C04F79EFBC}") = "InvestTax.Lambda.ReportGenerator", "src\InvestTax.Lambda.ReportGenerator\InvestTax.Lambda.ReportGenerator.csproj", "{E5CEE2B8-2A35-4632-972B-0D26024BFD65}"
EndProject
Project("{FAE04EC0-301F-11D3-BF4B-00C04F79EFBC}") = "InvestTax.Lambda.EmailSender", "src\InvestTax.Lambda.EmailSender\InvestTax.Lambda.EmailSender.csproj", "{6F558FC0-690B-411C-8801-8C8478A55031}"
EndProject
Project("{2150E333-8FDC-42A3-9474-1A3956D46DE8}") = "tests", "tests", "{0AB3BF05-4346-4AA6-1389-037BE0695223}"
EndProject
Project("{FAE04EC0-301F-11D3-BF4B-00C04F79EFBC}") = "InvestTax.Core.Tests", "tests\InvestTax.Core.Tests\InvestTax.Core.Tests.csproj", "{0686FFC3-991D-4680-A850-C1D41A681AED}"
EndProject
Project("{FAE04EC0-301F-11D3-BF4B-00C04F79EFBC}") = "InvestTax.Lambda.Tests", "tests\InvestTax.Lambda.Tests\InvestTax.Lambda.Tests.csproj", "{A221EA60-1BDC-4F6D-8DF6-CABFFC311C94}"
EndProject
Project("{FAE04EC0-301F-11D3-BF4B-00C04F79EFBC}") = "InvestTax.Lambda.Starter", "src\InvestTax.Lambda.Starter\InvestTax.Lambda.Starter.csproj", "{A46AF94E-88E8-463E-B568-D83216252C55}"
EndProject
Global
	GlobalSection(SolutionConfigurationPlatforms) = preSolution
		Debug|Any CPU = Debug|Any CPU
		Debug|x64 = Debug|x64
		Debug|x86 = Debug|x86
		Release|Any CPU = Release|Any CPU
		Release|x64 = Release|x64
		Release|x86 = Release|x86
	EndGlobalSection
	GlobalSection(ProjectConfigurationPlatforms) = postSolution
		{33FD078B-AF11-454B-BEC8-14ADFE57816C}.Debug|Any CPU.ActiveCfg = Debug|Any CPU
		{33FD078B-AF11-454B-BEC8-14ADFE57816C}.Debug|Any CPU.Build.0 = Debug|Any CPU
		{33FD078B-AF11-454B-BEC8-14ADFE57816C}.Debug|x64.ActiveCfg = Debug|Any CPU
		{33FD078B-AF11-454B-BEC8-14ADFE57816C}.Debug|x64.Build.0 = Debug|Any CPU
		{33FD078B-AF11-454B-BEC8-14ADFE57816C}.Debug|x86.ActiveCfg = Debug|Any CPU
		{33FD078B-AF11-454B-BEC8-14ADFE57816C}.Debug|x86.Build.0 = Debug|Any CPU
		{33FD078B-AF11-454B-BEC8-14ADFE57816C}.Release|Any CPU.ActiveCfg = Release|Any CPU
		{33FD078B-AF11-454B-BEC8-14ADFE57816C}.Release|Any CPU.Build.0 = Release|Any CPU
		{33FD078B-AF11-454B-BEC8-14ADFE57816C}.Release|x64.ActiveCfg = Release|Any CPU
		{33FD078B-AF11-454B-BEC8-14ADFE57816C}.Release|x64.Build.0 = Release|Any CPU
		{33FD078B-AF11-454B-BEC8-14ADFE57816C}.Release|x86.ActiveCfg = Release|Any CPU
		{33FD078B-AF11-454B-BEC8-14ADFE57816C}.Release|x86.Build.0 = Release|Any CPU
		{A58A6206-8C8A-4504-8A10-0FB4627D6C3E}.Debug|Any CPU.ActiveCfg = Debug|Any CPU
		{A58A6206-8C8A-4504-8A10-0FB4627D6C3E}.Debug|Any CPU.Build.0 = Debug|Any CPU
		{A58A6206-8C8A-4504-8A10-0FB4627D6C3E}.Debug|x64.ActiveCfg = Debug|Any CPU
		{A58A6206-8C8A-4504-8A10-0FB4627D6C3E}.Debug|x64.Build.0 = Debug|Any CPU
		{A58A6206-8C8A-4504-8A10-0FB4627D6C3E}.Debug|x86.ActiveCfg = Debug|Any CPU
		{A58A6206-8C8A-4504-8A10-0FB4627D6C3E}.Debug|x86.Build.0 = Debug|Any CPU
		{A58A6206-8C8A-4504-8A10-0FB4627D6C3E}.Release|Any CPU.ActiveCfg = Release|Any CPU
		{A58A6206-8C8A-4504-8A10-0FB4627D6C3E}.Release|Any CPU.Build.0 = Release|Any CPU
		{A58A6206-8C8A-4504-8A10-0FB4627D6C3E}.Release|x64.ActiveCfg = Release|Any CPU
		{A58A6206-8C8A-4504-8A10-0FB4627D6C3E}.Release|x64.Build.0 = Release|Any CPU
		{A58A6206-8C8A-4504-8A10-0FB4627D6C3E}.Release|x86.ActiveCfg = Release|Any CPU
		{A58A6206-8C8A-4504-8A10-0FB4627D6C3E}.Release|x86.Build.0 = Release|Any CPU
		{62EF1EF1-3835-4564-956A-93374F8DA987}.Debug|Any CPU.ActiveCfg = Debug|Any CPU
		{62EF1EF1-3835-4564-956A-93374F8DA987}.Debug|Any CPU.Build.0 = Debug|Any CPU
		{62EF1EF1-3835-4564-956A-93374F8DA987}.Debug|x64.ActiveCfg = Debug|Any CPU
		{62EF1EF1-3835-4564-956A-93374F8DA987}.Debug|x64.Build.0 = Debug|Any CPU
		{62EF1EF1-3835-4564-956A-93374F8DA987}.Debug|x86.ActiveCfg = Debug|Any CPU
		{62EF1EF1-3835-4564-956A-93374F8DA987}.Debug|x86.Build.0 = Debug|Any CPU
		{62EF1EF1-3835-4564-956A-93374F8DA987}.Release|Any CPU.ActiveCfg = Release|Any CPU
		{62EF1EF1-3835-4564-956A-93374F8DA987}.Release|Any CPU.Build.0 = Release|Any CPU
		{62EF1EF1-3835-4564-956A-93374F8DA987}.Release|x64.ActiveCfg = Release|Any CPU
		{62EF1EF1-3835-4564-956A-93374F8DA987}.Release|x64.Build.0 = Release|Any CPU
		{62EF1EF1-3835-4564-956A-93374F8DA987}.Release|x86.ActiveCfg = Release|Any CPU
		{62EF1EF1-3835-4564-956A-93374F8DA987}.Release|x86.Build.0 = Release|Any CPU
		{F854056D-FC8F-4C52-9FCF-37804E55D56A}.Debug|Any CPU.ActiveCfg = Debug|Any CPU
		{F854056D-FC8F-4C52-9FCF-37804E55D56A}.Debug|Any CPU.Build.0 = Debug|Any CPU
		{F854056D-FC8F-4C52-9FCF-37804E55D56A}.Debug|x64.ActiveCfg = Debug|Any CPU
		{F854056D-FC8F-4C52-9FCF-37804E55D56A}.Debug|x64.Build.0 = Debug|Any CPU
		{F854056D-FC8F-4C52-9FCF-37804E55D56A}.Debug|x86.ActiveCfg = Debug|Any CPU
		{F854056D-FC8F-4C52-9FCF-37804E55D56A}.Debug|x86.Build.0 = Debug|Any CPU
		{F854056D-FC8F-4C52-9FCF-37804E55D56A}.Release|Any CPU.ActiveCfg = Release|Any CPU
		{F854056D-FC8F-4C52-9FCF-37804E55D56A}.Release|Any CPU.Build.0 = Release|Any CPU
		{F854056D-FC8F-4C52-9FCF-37804E55D56A}.Release|x64.ActiveCfg = Release|Any CPU
		{F854056D-FC8F-4C52-9FCF-37804E55D56A}.Release|x64.Build.0 = Release|Any CPU
		{F854056D-FC8F-4C52-9FCF-37804E55D56A}.Release|x86.ActiveCfg = Release|Any CPU
		{F854056D-FC8F-4C52-9FCF-37804E55D56A}.Release|x86.Build.0 = Release|Any CPU
		{F5353286-12E5-4A79-8C24-D7791665498B}.Debug|Any CPU.ActiveCfg = Debug|Any CPU
		{F5353286-12E5-4A79-8C24-D7791665498B}.Debug|Any CPU.Build.0 = Debug|Any CPU
		{F5353286-12E5-4A79-8C24-D7791665498B}.Debug|x64.ActiveCfg = Debug|Any CPU
		{F5353286-12E5-4A79-8C24-D7791665498B}.Debug|x64.Build.0 = Debug|Any CPU
		{F5353286-12E5-4A79-8C24-D7791665498B}.Debug|x86.ActiveCfg = Debug|Any CPU
		{F5353286-12E5-4A79-8C24-D7791665498B}.Debug|x86.Build.0 = Debug|Any CPU
		{F5353286-12E5-4A79-8C24-D7791665498B}.Release|Any CPU.ActiveCfg = Release|Any CPU
		{F5353286-12E5-4A79-8C24-D7791665498B}.Release|Any CPU.Build.0 = Release|Any CPU
		{F5353286-12E5-4A79-8C24-D7791665498B}.Release|x64.ActiveCfg = Release|Any CPU
		{F5353286-12E5-4A79-8C24-D7791665498B}.Release|x64.Build.0 = Release|Any CPU
		{F5353286-12E5-4A79-8C24-D7791665498B}.Release|x86.ActiveCfg = Release|Any CPU
		{F5353286-12E5-4A79-8C24-D7791665498B}.Release|x86.Build.0 = Release|Any CPU
		{D19F00A3-98BC-49AE-A632-3EFA2488A5EC}.Debug|Any CPU.ActiveCfg = Debug|Any CPU
		{D19F00A3-98BC-49AE-A632-3EFA2488A5EC}.Debug|Any CPU.Build.0 = Debug|Any CPU
		{D19F00A3-98BC-49AE-A632-3EFA2488A5EC}.Debug|x64.ActiveCfg = Debug|Any CPU
		{D19F00A3-98BC-49AE-A632-3EFA2488A5EC}.Debug|x64.Build.0 = Debug|Any CPU
		{D19F00A3-98BC-49AE-A632-3EFA2488A5EC}.Debug|x86.ActiveCfg = Debug|Any CPU
		{D19F00A3-98BC-49AE-A632-3EFA2488A5EC}.Debug|x86.Build.0 = Debug|Any CPU
		{D19F00A3-98BC-49AE-A632-3EFA2488A5EC}.Release|Any CPU.ActiveCfg = Release|Any CPU
		{D19F00A3-98BC-49AE-A632-3EFA2488A5EC}.Release|Any CPU.Build.0 = Release|Any CPU
		{D19F00A3-98BC-49AE-A632-3EFA2488A5EC}.Release|x64.ActiveCfg = Release|Any CPU
		{D19F00A3-98BC-49AE-A632-3EFA2488A5EC}.Release|x64.Build.0 = Release|Any CPU
		{D19F00A3-98BC-49AE-A632-3EFA2488A5EC}.Release|x86.ActiveCfg = Release|Any CPU
		{D19F00A3-98BC-49AE-A632-3EFA2488A5EC}.Release|x86.Build.0 = Release|Any CPU
		{E5CEE2B8-2A35-4632-972B-0D26024BFD65}.Debug|Any CPU.ActiveCfg = Debug|Any CPU
		{E5CEE2B8-2A35-4632-972B-0D26024BFD65}.Debug|Any CPU.Build.0 = Debug|Any CPU
		{E5CEE2B8-2A35-4632-972B-0D26024BFD65}.Debug|x64.ActiveCfg = Debug|Any CPU
		{E5CEE2B8-2A35-4632-972B-0D26024BFD65}.Debug|x64.Build.0 = Debug|Any CPU
		{E5CEE2B8-2A35-4632-972B-0D26024BFD65}.Debug|x86.ActiveCfg = Debug|Any CPU
		{E5CEE2B8-2A35-4632-972B-0D26024BFD65}.Debug|x86.Build.0 = Debug|Any CPU
		{E5CEE2B8-2A35-4632-972B-0D26024BFD65}.Release|Any CPU.ActiveCfg = Release|Any CPU
		{E5CEE2B8-2A35-4632-972B-0D26024BFD65}.Release|Any CPU.Build.0 = Release|Any CPU
		{E5CEE2B8-2A35-4632-972B-0D26024BFD65}.Release|x64.ActiveCfg = Release|Any CPU
		{E5CEE2B8-2A35-4632-972B-0D26024BFD65}.Release|x64.Build.0 = Release|Any CPU
		{E5CEE2B8-2A35-4632-972B-0D26024BFD65}.Release|x86.ActiveCfg = Release|Any CPU
		{E5CEE2B8-2A35-4632-972B-0D26024BFD65}.Release|x86.Build.0 = Release|Any CPU
		{6F558FC0-690B-411C-8801-8C8478A55031}.Debug|Any CPU.ActiveCfg = Debug|Any CPU
		{6F558FC0-690B-411C-8801-8C8478A55031}.Debug|Any CPU.Build.0 = Debug|Any CPU
		{6F558FC0-690B-411C-8801-8C8478A55031}.Debug|x64.ActiveCfg = Debug|Any CPU
		{6F558FC0-690B-411C-8801-8C8478A55031}.Debug|x64.Build.0 = Debug|Any CPU
		{6F558FC0-690B-411C-8801-8C8478A55031}.Debug|x86.ActiveCfg = Debug|Any CPU
		{6F558FC0-690B-411C-8801-8C8478A55031}.Debug|x86.Build.0 = Debug|Any CPU
		{6F558FC0-690B-411C-8801-8C8478A55031}.Release|Any CPU.ActiveCfg = Release|Any CPU
		{6F558FC0-690B-411C-8801-8C8478A55031}.Release|Any CPU.Build.0 = Release|Any CPU
		{6F558FC0-690B-411C-8801-8C8478A55031}.Release|x64.ActiveCfg = Release|Any CPU
		{6F558FC0-690B-411C-8801-8C8478A55031}.Release|x64.Build.0 = Release|Any CPU
		{6F558FC0-690B-411C-8801-8C8478A55031}.Release|x86.ActiveCfg = Release|Any CPU
		{6F558FC0-690B-411C-8801-8C8478A55031}.Release|x86.Build.0 = Release|Any CPU
		{0686FFC3-991D-4680-A850-C1D41A681AED}.Debug|Any CPU.ActiveCfg = Debug|Any CPU
		{0686FFC3-991D-4680-A850-C1D41A681AED}.Debug|Any CPU.Build.0 = Debug|Any CPU
		{0686FFC3-991D-4680-A850-C1D41A681AED}.Debug|x64.ActiveCfg = Debug|Any CPU
		{0686FFC3-991D-4680-A850-C1D41A681AED}.Debug|x64.Build.0 = Debug|Any CPU
		{0686FFC3-991D-4680-A850-C1D41A681AED}.Debug|x86.ActiveCfg = Debug|Any CPU
		{0686FFC3-991D-4680-A850-C1D41A681AED}.Debug|x86.Build.0 = Debug|Any CPU
		{0686FFC3-991D-4680-A850-C1D41A681AED}.Release|Any CPU.ActiveCfg = Release|Any CPU
		{0686FFC3-991D-4680-A850-C1D41A681AED}.Release|Any CPU.Build.0 = Release|Any CPU
		{0686FFC3-991D-4680-A850-C1D41A681AED}.Release|x64.ActiveCfg = Release|Any CPU
		{0686FFC3-991D-4680-A850-C1D41A681AED}.Release|x64.Build.0 = Release|Any CPU
		{0686FFC3-991D-4680-A850-C1D41A681AED}.Release|x86.ActiveCfg = Release|Any CPU
		{0686FFC3-991D-4680-A850-C1D41A681AED}.Release|x86.Build.0 = Release|Any CPU
		{A221EA60-1BDC-4F6D-8DF6-CABFFC311C94}.Debug|Any CPU.ActiveCfg = Debug|Any CPU
		{A221EA60-1BDC-4F6D-8DF6-CABFFC311C94}.Debug|Any CPU.Build.0 = Debug|Any CPU
		{A221EA60-1BDC-4F6D-8DF6-CABFFC311C94}.Debug|x64.ActiveCfg = Debug|Any CPU
		{A221EA60-1BDC-4F6D-8DF6-CABFFC311C94}.Debug|x64.Build.0 = Debug|Any CPU
		{A221EA60-1BDC-4F6D-8DF6-CABFFC311C94}.Debug|x86.ActiveCfg = Debug|Any CPU
		{A221EA60-1BDC-4F6D-8DF6-CABFFC311C94}.Debug|x86.Build.0 = Debug|Any CPU
		{A221EA60-1BDC-4F6D-8DF6-CABFFC311C94}.Release|Any CPU.ActiveCfg = Release|Any CPU
		{A221EA60-1BDC-4F6D-8DF6-CABFFC311C94}.Release|Any CPU.Build.0 = Release|Any CPU
		{A221EA60-1BDC-4F6D-8DF6-CABFFC311C94}.Release|x64.ActiveCfg = Release|Any CPU
		{A221EA60-1BDC-4F6D-8DF6-CABFFC311C94}.Release|x64.Build.0 = Release|Any CPU
		{A221EA60-1BDC-4F6D-8DF6-CABFFC311C94}.Release|x86.ActiveCfg = Release|Any CPU
		{A221EA60-1BDC-4F6D-8DF6-CABFFC311C94}.Release|x86.Build.0 = Release|Any CPU
		{A46AF94E-88E8-463E-B568-D83216252C55}.Debug|Any CPU.ActiveCfg = Debug|Any CPU
		{A46AF94E-88E8-463E-B568-D83216252C55}.Debug|Any CPU.Build.0 = Debug|Any CPU
		{A46AF94E-88E8-463E-B568-D83216252C55}.Debug|x64.ActiveCfg = Debug|Any CPU
		{A46AF94E-88E8-463E-B568-D83216252C55}.Debug|x64.Build.0 = Debug|Any CPU
		{A46AF94E-88E8-463E-B568-D83216252C55}.Debug|x86.ActiveCfg = Debug|Any CPU
		{A46AF94E-88E8-463E-B568-D83216252C55}.Debug|x86.Build.0 = Debug|Any CPU
		{A46AF94E-88E8-463E-B568-D83216252C55}.Release|Any CPU.ActiveCfg = Release|Any CPU
		{A46AF94E-88E8-463E-B568-D83216252C55}.Release|Any CPU.Build.0 = Release|Any CPU
		{A46AF94E-88E8-463E-B568-D83216252C55}.Release|x64.ActiveCfg = Release|Any CPU
		{A46AF94E-88E8-463E-B568-D83216252C55}.Release|x64.Build.0 = Release|Any CPU
		{A46AF94E-88E8-463E-B568-D83216252C55}.Release|x86.ActiveCfg = Release|Any CPU
		{A46AF94E-88E8-463E-B568-D83216252C55}.Release|x86.Build.0 = Release|Any CPU
	EndGlobalSection
	GlobalSection(SolutionProperties) = preSolution
		HideSolutionNode = FALSE
	EndGlobalSection
	GlobalSection(NestedProjects) = preSolution
		{33FD078B-AF11-454B-BEC8-14ADFE57816C} = {827E0CD3-B72D-47B6-A68D-7590B98EB39B}
		{A58A6206-8C8A-4504-8A10-0FB4627D6C3E} = {827E0CD3-B72D-47B6-A68D-7590B98EB39B}
		{62EF1EF1-3835-4564-956A-93374F8DA987} = {827E0CD3-B72D-47B6-A68D-7590B98EB39B}
		{F854056D-FC8F-4C52-9FCF-37804E55D56A} = {827E0CD3-B72D-47B6-A68D-7590B98EB39B}
		{F5353286-12E5-4A79-8C24-D7791665498B} = {827E0CD3-B72D-47B6-A68D-7590B98EB39B}
		{D19F00A3-98BC-49AE-A632-3EFA2488A5EC} = {827E0CD3-B72D-47B6-A68D-7590B98EB39B}
		{E5CEE2B8-2A35-4632-972B-0D26024BFD65} = {827E0CD3-B72D-47B6-A68D-7590B98EB39B}
		{6F558FC0-690B-411C-8801-8C8478A55031} = {827E0CD3-B72D-47B6-A68D-7590B98EB39B}
		{0686FFC3-991D-4680-A850-C1D41A681AED} = {0AB3BF05-4346-4AA6-1389-037BE0695223}
		{A221EA60-1BDC-4F6D-8DF6-CABFFC311C94} = {0AB3BF05-4346-4AA6-1389-037BE0695223}
		{A46AF94E-88E8-463E-B568-D83216252C55} = {827E0CD3-B72D-47B6-A68D-7590B98EB39B}
	EndGlobalSection
EndGlobal
